// !$*UTF8*$!
{
	archiveVersion = 1;
	classes = {
	};
	objectVersion = 56;
	objects = {

/* Begin PBXBuildFile section */
		5B5108E3297442E300360370 /* NetworkHelperTest.swift in Sources */ = {isa = PBXBuildFile; fileRef = 5B5108E2297442E300360370 /* NetworkHelperTest.swift */; };
		5B5108E6297448E200360370 /* HomeViewModelTests.swift in Sources */ = {isa = PBXBuildFile; fileRef = 5B5108E5297448E200360370 /* HomeViewModelTests.swift */; };
		5B5108E829745FDD00360370 /* SeriesViewModelTests.swift in Sources */ = {isa = PBXBuildFile; fileRef = 5B5108E729745FDD00360370 /* SeriesViewModelTests.swift */; };
		5B5108EB2974636400360370 /* ViewInspector in Frameworks */ = {isa = PBXBuildFile; productRef = 5B5108EA2974636400360370 /* ViewInspector */; };
		5B5108EE297463DC00360370 /* LoginViewTests.swift in Sources */ = {isa = PBXBuildFile; fileRef = 5B5108ED297463DC00360370 /* LoginViewTests.swift */; };
		5B5108F129746B9400360370 /* LoadingViewTests.swift in Sources */ = {isa = PBXBuildFile; fileRef = 5B5108F029746B9400360370 /* LoadingViewTests.swift */; };
		5B5108F329746BA600360370 /* ErrorViewTests.swift in Sources */ = {isa = PBXBuildFile; fileRef = 5B5108F229746BA600360370 /* ErrorViewTests.swift */; };
		5B5108F629746F0200360370 /* HomeViewTests.swift in Sources */ = {isa = PBXBuildFile; fileRef = 5B5108F529746F0200360370 /* HomeViewTests.swift */; };
		5B5108F829746F0D00360370 /* HomeRowViewTests.swift in Sources */ = {isa = PBXBuildFile; fileRef = 5B5108F729746F0D00360370 /* HomeRowViewTests.swift */; };
		5B5108FB2974732E00360370 /* SeriesViewTests.swift in Sources */ = {isa = PBXBuildFile; fileRef = 5B5108FA2974732E00360370 /* SeriesViewTests.swift */; };
		5B5108FD2974734300360370 /* SeriesRowViewTests.swift in Sources */ = {isa = PBXBuildFile; fileRef = 5B5108FC2974734300360370 /* SeriesRowViewTests.swift */; };
		5B5108FF2974735400360370 /* SeriesDetailViewTests.swift in Sources */ = {isa = PBXBuildFile; fileRef = 5B5108FE2974735400360370 /* SeriesDetailViewTests.swift */; };
		5B510907297478F300360370 /* FinalSuperpoderesIOSUITests.swift in Sources */ = {isa = PBXBuildFile; fileRef = 5B510906297478F300360370 /* FinalSuperpoderesIOSUITests.swift */; };
		5B510909297478F300360370 /* FinalSuperpoderesIOSUITestsLaunchTests.swift in Sources */ = {isa = PBXBuildFile; fileRef = 5B510908297478F300360370 /* FinalSuperpoderesIOSUITestsLaunchTests.swift */; };
		5BB6BE7729475D58008B6E80 /* SeriesDetailView.swift in Sources */ = {isa = PBXBuildFile; fileRef = 5BB6BE7629475D58008B6E80 /* SeriesDetailView.swift */; };
		5BD02B852944AA2D00E5E0F2 /* FinalSuperpoderesIOSApp.swift in Sources */ = {isa = PBXBuildFile; fileRef = 5BD02B842944AA2D00E5E0F2 /* FinalSuperpoderesIOSApp.swift */; };
		5BD02B892944AA2F00E5E0F2 /* Assets.xcassets in Resources */ = {isa = PBXBuildFile; fileRef = 5BD02B882944AA2F00E5E0F2 /* Assets.xcassets */; };
		5BD02B8C2944AA2F00E5E0F2 /* Preview Assets.xcassets in Resources */ = {isa = PBXBuildFile; fileRef = 5BD02B8B2944AA2F00E5E0F2 /* Preview Assets.xcassets */; };
		5BD02BB52944B25D00E5E0F2 /* LoginView.swift in Sources */ = {isa = PBXBuildFile; fileRef = 5BD02BB42944B25D00E5E0F2 /* LoginView.swift */; };
		5BD02BB92944DF3600E5E0F2 /* RootViewModel.swift in Sources */ = {isa = PBXBuildFile; fileRef = 5BD02BB82944DF3600E5E0F2 /* RootViewModel.swift */; };
		5BD02BBB2944DF4E00E5E0F2 /* StatusModel.swift in Sources */ = {isa = PBXBuildFile; fileRef = 5BD02BBA2944DF4E00E5E0F2 /* StatusModel.swift */; };
		5BD02BBD2944E10D00E5E0F2 /* NetworkHelper.swift in Sources */ = {isa = PBXBuildFile; fileRef = 5BD02BBC2944E10D00E5E0F2 /* NetworkHelper.swift */; };
		5BD02BBF2944F15E00E5E0F2 /* RootView.swift in Sources */ = {isa = PBXBuildFile; fileRef = 5BD02BBE2944F15E00E5E0F2 /* RootView.swift */; };
		5BD02BC22944F4DB00E5E0F2 /* LoadingView.swift in Sources */ = {isa = PBXBuildFile; fileRef = 5BD02BC12944F4DB00E5E0F2 /* LoadingView.swift */; };
		5BD02BC62944F72700E5E0F2 /* ErrorView.swift in Sources */ = {isa = PBXBuildFile; fileRef = 5BD02BC52944F72700E5E0F2 /* ErrorView.swift */; };
		5BD02BCB2944FB6300E5E0F2 /* HomeView.swift in Sources */ = {isa = PBXBuildFile; fileRef = 5BD02BCA2944FB6300E5E0F2 /* HomeView.swift */; };
		5BD02BCF2944FC2300E5E0F2 /* HerosModel.swift in Sources */ = {isa = PBXBuildFile; fileRef = 5BD02BCE2944FC2300E5E0F2 /* HerosModel.swift */; };
		5BD02BD32945065A00E5E0F2 /* HomeViewModel.swift in Sources */ = {isa = PBXBuildFile; fileRef = 5BD02BD22945065A00E5E0F2 /* HomeViewModel.swift */; };
		5BD02BD829450E2000E5E0F2 /* HomeRowView.swift in Sources */ = {isa = PBXBuildFile; fileRef = 5BD02BD729450E2000E5E0F2 /* HomeRowView.swift */; };
		5BD02BDC29451BE900E5E0F2 /* SeriesView.swift in Sources */ = {isa = PBXBuildFile; fileRef = 5BD02BDB29451BE900E5E0F2 /* SeriesView.swift */; };
		5BD02BE029451C2600E5E0F2 /* SeriesViewModel.swift in Sources */ = {isa = PBXBuildFile; fileRef = 5BD02BDF29451C2600E5E0F2 /* SeriesViewModel.swift */; };
		5BD02BE42945203800E5E0F2 /* SeriesRowView.swift in Sources */ = {isa = PBXBuildFile; fileRef = 5BD02BE32945203800E5E0F2 /* SeriesRowView.swift */; };
		5BD02BEA294544CA00E5E0F2 /* ComicsModel.swift in Sources */ = {isa = PBXBuildFile; fileRef = 5BD02BE9294544CA00E5E0F2 /* ComicsModel.swift */; };
		5BD02BEC294545CA00E5E0F2 /* ThumbnailModel.swift in Sources */ = {isa = PBXBuildFile; fileRef = 5BD02BEB294545CA00E5E0F2 /* ThumbnailModel.swift */; };
		5BD02BEE2945469A00E5E0F2 /* SeriesModel.swift in Sources */ = {isa = PBXBuildFile; fileRef = 5BD02BED2945469A00E5E0F2 /* SeriesModel.swift */; };
/* End PBXBuildFile section */

/* Begin PBXContainerItemProxy section */
		5B51090A297478F300360370 /* PBXContainerItemProxy */ = {
			isa = PBXContainerItemProxy;
			containerPortal = 5BD02B792944AA2D00E5E0F2 /* Project object */;
			proxyType = 1;
			remoteGlobalIDString = 5BD02B802944AA2D00E5E0F2;
			remoteInfo = FinalSuperpoderesIOS;
		};
		5BB6BE4E29469707008B6E80 /* PBXContainerItemProxy */ = {
			isa = PBXContainerItemProxy;
			containerPortal = 5BD02B792944AA2D00E5E0F2 /* Project object */;
			proxyType = 1;
			remoteGlobalIDString = 5BD02B802944AA2D00E5E0F2;
			remoteInfo = FinalSuperpoderesIOS;
		};
/* End PBXContainerItemProxy section */

/* Begin PBXFileReference section */
		5B5108E2297442E300360370 /* NetworkHelperTest.swift */ = {isa = PBXFileReference; lastKnownFileType = sourcecode.swift; path = NetworkHelperTest.swift; sourceTree = "<group>"; };
		5B5108E5297448E200360370 /* HomeViewModelTests.swift */ = {isa = PBXFileReference; lastKnownFileType = sourcecode.swift; path = HomeViewModelTests.swift; sourceTree = "<group>"; };
		5B5108E729745FDD00360370 /* SeriesViewModelTests.swift */ = {isa = PBXFileReference; lastKnownFileType = sourcecode.swift; path = SeriesViewModelTests.swift; sourceTree = "<group>"; };
		5B5108ED297463DC00360370 /* LoginViewTests.swift */ = {isa = PBXFileReference; lastKnownFileType = sourcecode.swift; path = LoginViewTests.swift; sourceTree = "<group>"; };
		5B5108F029746B9400360370 /* LoadingViewTests.swift */ = {isa = PBXFileReference; lastKnownFileType = sourcecode.swift; path = LoadingViewTests.swift; sourceTree = "<group>"; };
		5B5108F229746BA600360370 /* ErrorViewTests.swift */ = {isa = PBXFileReference; lastKnownFileType = sourcecode.swift; path = ErrorViewTests.swift; sourceTree = "<group>"; };
		5B5108F529746F0200360370 /* HomeViewTests.swift */ = {isa = PBXFileReference; lastKnownFileType = sourcecode.swift; path = HomeViewTests.swift; sourceTree = "<group>"; };
		5B5108F729746F0D00360370 /* HomeRowViewTests.swift */ = {isa = PBXFileReference; lastKnownFileType = sourcecode.swift; path = HomeRowViewTests.swift; sourceTree = "<group>"; };
		5B5108FA2974732E00360370 /* SeriesViewTests.swift */ = {isa = PBXFileReference; lastKnownFileType = sourcecode.swift; path = SeriesViewTests.swift; sourceTree = "<group>"; };
		5B5108FC2974734300360370 /* SeriesRowViewTests.swift */ = {isa = PBXFileReference; lastKnownFileType = sourcecode.swift; path = SeriesRowViewTests.swift; sourceTree = "<group>"; };
		5B5108FE2974735400360370 /* SeriesDetailViewTests.swift */ = {isa = PBXFileReference; lastKnownFileType = sourcecode.swift; path = SeriesDetailViewTests.swift; sourceTree = "<group>"; };
		5B510904297478F300360370 /* FinalSuperpoderesIOSUITests.xctest */ = {isa = PBXFileReference; explicitFileType = wrapper.cfbundle; includeInIndex = 0; path = FinalSuperpoderesIOSUITests.xctest; sourceTree = BUILT_PRODUCTS_DIR; };
		5B510906297478F300360370 /* FinalSuperpoderesIOSUITests.swift */ = {isa = PBXFileReference; lastKnownFileType = sourcecode.swift; path = FinalSuperpoderesIOSUITests.swift; sourceTree = "<group>"; };
		5B510908297478F300360370 /* FinalSuperpoderesIOSUITestsLaunchTests.swift */ = {isa = PBXFileReference; lastKnownFileType = sourcecode.swift; path = FinalSuperpoderesIOSUITestsLaunchTests.swift; sourceTree = "<group>"; };
		5BB6BE4A29469706008B6E80 /* FinalSuperpoderesIOSTests.xctest */ = {isa = PBXFileReference; explicitFileType = wrapper.cfbundle; includeInIndex = 0; path = FinalSuperpoderesIOSTests.xctest; sourceTree = BUILT_PRODUCTS_DIR; };
		5BB6BE7629475D58008B6E80 /* SeriesDetailView.swift */ = {isa = PBXFileReference; lastKnownFileType = sourcecode.swift; path = SeriesDetailView.swift; sourceTree = "<group>"; };
		5BD02B812944AA2D00E5E0F2 /* FinalSuperpoderesIOS.app */ = {isa = PBXFileReference; explicitFileType = wrapper.application; includeInIndex = 0; path = FinalSuperpoderesIOS.app; sourceTree = BUILT_PRODUCTS_DIR; };
		5BD02B842944AA2D00E5E0F2 /* FinalSuperpoderesIOSApp.swift */ = {isa = PBXFileReference; lastKnownFileType = sourcecode.swift; path = FinalSuperpoderesIOSApp.swift; sourceTree = "<group>"; };
		5BD02B882944AA2F00E5E0F2 /* Assets.xcassets */ = {isa = PBXFileReference; lastKnownFileType = folder.assetcatalog; path = Assets.xcassets; sourceTree = "<group>"; };
		5BD02B8B2944AA2F00E5E0F2 /* Preview Assets.xcassets */ = {isa = PBXFileReference; lastKnownFileType = folder.assetcatalog; path = "Preview Assets.xcassets"; sourceTree = "<group>"; };
		5BD02BB42944B25D00E5E0F2 /* LoginView.swift */ = {isa = PBXFileReference; lastKnownFileType = sourcecode.swift; path = LoginView.swift; sourceTree = "<group>"; };
		5BD02BB82944DF3600E5E0F2 /* RootViewModel.swift */ = {isa = PBXFileReference; lastKnownFileType = sourcecode.swift; path = RootViewModel.swift; sourceTree = "<group>"; };
		5BD02BBA2944DF4E00E5E0F2 /* StatusModel.swift */ = {isa = PBXFileReference; lastKnownFileType = sourcecode.swift; path = StatusModel.swift; sourceTree = "<group>"; };
		5BD02BBC2944E10D00E5E0F2 /* NetworkHelper.swift */ = {isa = PBXFileReference; lastKnownFileType = sourcecode.swift; path = NetworkHelper.swift; sourceTree = "<group>"; };
		5BD02BBE2944F15E00E5E0F2 /* RootView.swift */ = {isa = PBXFileReference; lastKnownFileType = sourcecode.swift; path = RootView.swift; sourceTree = "<group>"; };
		5BD02BC12944F4DB00E5E0F2 /* LoadingView.swift */ = {isa = PBXFileReference; lastKnownFileType = sourcecode.swift; path = LoadingView.swift; sourceTree = "<group>"; };
		5BD02BC52944F72700E5E0F2 /* ErrorView.swift */ = {isa = PBXFileReference; lastKnownFileType = sourcecode.swift; path = ErrorView.swift; sourceTree = "<group>"; };
		5BD02BCA2944FB6300E5E0F2 /* HomeView.swift */ = {isa = PBXFileReference; lastKnownFileType = sourcecode.swift; path = HomeView.swift; sourceTree = "<group>"; };
		5BD02BCE2944FC2300E5E0F2 /* HerosModel.swift */ = {isa = PBXFileReference; lastKnownFileType = sourcecode.swift; path = HerosModel.swift; sourceTree = "<group>"; };
		5BD02BD22945065A00E5E0F2 /* HomeViewModel.swift */ = {isa = PBXFileReference; lastKnownFileType = sourcecode.swift; path = HomeViewModel.swift; sourceTree = "<group>"; };
		5BD02BD729450E2000E5E0F2 /* HomeRowView.swift */ = {isa = PBXFileReference; lastKnownFileType = sourcecode.swift; path = HomeRowView.swift; sourceTree = "<group>"; };
		5BD02BDB29451BE900E5E0F2 /* SeriesView.swift */ = {isa = PBXFileReference; lastKnownFileType = sourcecode.swift; path = SeriesView.swift; sourceTree = "<group>"; };
		5BD02BDF29451C2600E5E0F2 /* SeriesViewModel.swift */ = {isa = PBXFileReference; lastKnownFileType = sourcecode.swift; path = SeriesViewModel.swift; sourceTree = "<group>"; };
		5BD02BE32945203800E5E0F2 /* SeriesRowView.swift */ = {isa = PBXFileReference; lastKnownFileType = sourcecode.swift; path = SeriesRowView.swift; sourceTree = "<group>"; };
		5BD02BE9294544CA00E5E0F2 /* ComicsModel.swift */ = {isa = PBXFileReference; lastKnownFileType = sourcecode.swift; path = ComicsModel.swift; sourceTree = "<group>"; };
		5BD02BEB294545CA00E5E0F2 /* ThumbnailModel.swift */ = {isa = PBXFileReference; lastKnownFileType = sourcecode.swift; path = ThumbnailModel.swift; sourceTree = "<group>"; };
		5BD02BED2945469A00E5E0F2 /* SeriesModel.swift */ = {isa = PBXFileReference; lastKnownFileType = sourcecode.swift; path = SeriesModel.swift; sourceTree = "<group>"; };
		5BD02BEF2946147900E5E0F2 /* Info.plist */ = {isa = PBXFileReference; lastKnownFileType = text.plist; path = Info.plist; sourceTree = "<group>"; };
/* End PBXFileReference section */

/* Begin PBXFrameworksBuildPhase section */
		5B510901297478F300360370 /* Frameworks */ = {
			isa = PBXFrameworksBuildPhase;
			buildActionMask = 2147483647;
			files = (
			);
			runOnlyForDeploymentPostprocessing = 0;
		};
		5BB6BE4729469706008B6E80 /* Frameworks */ = {
			isa = PBXFrameworksBuildPhase;
			buildActionMask = 2147483647;
			files = (
				5B5108EB2974636400360370 /* ViewInspector in Frameworks */,
			);
			runOnlyForDeploymentPostprocessing = 0;
		};
		5BD02B7E2944AA2D00E5E0F2 /* Frameworks */ = {
			isa = PBXFrameworksBuildPhase;
			buildActionMask = 2147483647;
			files = (
			);
			runOnlyForDeploymentPostprocessing = 0;
		};
/* End PBXFrameworksBuildPhase section */

/* Begin PBXGroup section */
		5B5108E1297442CE00360370 /* ServicesTest */ = {
			isa = PBXGroup;
			children = (
				5B5108E2297442E300360370 /* NetworkHelperTest.swift */,
			);
			path = ServicesTest;
			sourceTree = "<group>";
		};
		5B5108E4297448CF00360370 /* ViewModelTests */ = {
			isa = PBXGroup;
			children = (
				5B5108E5297448E200360370 /* HomeViewModelTests.swift */,
				5B5108E729745FDD00360370 /* SeriesViewModelTests.swift */,
			);
			path = ViewModelTests;
			sourceTree = "<group>";
		};
		5B5108EC297463C400360370 /* ViewTests */ = {
			isa = PBXGroup;
			children = (
				5B5108F92974730C00360370 /* SeriesTest */,
				5B5108F429746ECF00360370 /* HomeTests */,
				5B5108EF29746B7B00360370 /* LoginTests */,
			);
			path = ViewTests;
			sourceTree = "<group>";
		};
		5B5108EF29746B7B00360370 /* LoginTests */ = {
			isa = PBXGroup;
			children = (
				5B5108ED297463DC00360370 /* LoginViewTests.swift */,
				5B5108F029746B9400360370 /* LoadingViewTests.swift */,
				5B5108F229746BA600360370 /* ErrorViewTests.swift */,
			);
			path = LoginTests;
			sourceTree = "<group>";
		};
		5B5108F429746ECF00360370 /* HomeTests */ = {
			isa = PBXGroup;
			children = (
				5B5108F529746F0200360370 /* HomeViewTests.swift */,
				5B5108F729746F0D00360370 /* HomeRowViewTests.swift */,
			);
			path = HomeTests;
			sourceTree = "<group>";
		};
		5B5108F92974730C00360370 /* SeriesTest */ = {
			isa = PBXGroup;
			children = (
				5B5108FA2974732E00360370 /* SeriesViewTests.swift */,
				5B5108FC2974734300360370 /* SeriesRowViewTests.swift */,
				5B5108FE2974735400360370 /* SeriesDetailViewTests.swift */,
			);
			path = SeriesTest;
			sourceTree = "<group>";
		};
		5B510905297478F300360370 /* FinalSuperpoderesIOSUITests */ = {
			isa = PBXGroup;
			children = (
				5B510906297478F300360370 /* FinalSuperpoderesIOSUITests.swift */,
				5B510908297478F300360370 /* FinalSuperpoderesIOSUITestsLaunchTests.swift */,
			);
			path = FinalSuperpoderesIOSUITests;
			sourceTree = "<group>";
		};
		5BB6BE4B29469707008B6E80 /* FinalSuperpoderesIOSTests */ = {
			isa = PBXGroup;
			children = (
				5B5108EC297463C400360370 /* ViewTests */,
				5B5108E4297448CF00360370 /* ViewModelTests */,
				5B5108E1297442CE00360370 /* ServicesTest */,
			);
			path = FinalSuperpoderesIOSTests;
			sourceTree = "<group>";
		};
		5BD02B782944AA2D00E5E0F2 = {
			isa = PBXGroup;
			children = (
				5BD02B832944AA2D00E5E0F2 /* FinalSuperpoderesIOS */,
				5BB6BE4B29469707008B6E80 /* FinalSuperpoderesIOSTests */,
				5B510905297478F300360370 /* FinalSuperpoderesIOSUITests */,
				5BD02B822944AA2D00E5E0F2 /* Products */,
			);
			sourceTree = "<group>";
		};
		5BD02B822944AA2D00E5E0F2 /* Products */ = {
			isa = PBXGroup;
			children = (
				5BD02B812944AA2D00E5E0F2 /* FinalSuperpoderesIOS.app */,
				5BB6BE4A29469706008B6E80 /* FinalSuperpoderesIOSTests.xctest */,
				5B510904297478F300360370 /* FinalSuperpoderesIOSUITests.xctest */,
			);
			name = Products;
			sourceTree = "<group>";
		};
		5BD02B832944AA2D00E5E0F2 /* FinalSuperpoderesIOS */ = {
			isa = PBXGroup;
			children = (
				5BD02BEF2946147900E5E0F2 /* Info.plist */,
				5BD02B8A2944AA2F00E5E0F2 /* Preview Content */,
				5BD02B842944AA2D00E5E0F2 /* FinalSuperpoderesIOSApp.swift */,
				5BD02B882944AA2F00E5E0F2 /* Assets.xcassets */,
				5BD02BB22944B20600E5E0F2 /* Tools */,
				5BD02BB12944B1FE00E5E0F2 /* Services */,
				5BD02BB02944B1F500E5E0F2 /* Models */,
				5BD02BAF2944B1EE00E5E0F2 /* Views */,
				5BD02BAE2944B1E500E5E0F2 /* ViewModels */,
			);
			path = FinalSuperpoderesIOS;
			sourceTree = "<group>";
		};
		5BD02B8A2944AA2F00E5E0F2 /* Preview Content */ = {
			isa = PBXGroup;
			children = (
				5BD02B8B2944AA2F00E5E0F2 /* Preview Assets.xcassets */,
			);
			path = "Preview Content";
			sourceTree = "<group>";
		};
		5BD02BAE2944B1E500E5E0F2 /* ViewModels */ = {
			isa = PBXGroup;
			children = (
				5BD02BB82944DF3600E5E0F2 /* RootViewModel.swift */,
				5BD02BD22945065A00E5E0F2 /* HomeViewModel.swift */,
				5BD02BDF29451C2600E5E0F2 /* SeriesViewModel.swift */,
			);
			path = ViewModels;
			sourceTree = "<group>";
		};
		5BD02BAF2944B1EE00E5E0F2 /* Views */ = {
			isa = PBXGroup;
			children = (
				5BD02BBE2944F15E00E5E0F2 /* RootView.swift */,
				5BD02BB32944B24900E5E0F2 /* Login */,
				5BD02BC92944FB5100E5E0F2 /* Home */,
				5BD02BD629450B8900E5E0F2 /* Series */,
			);
			path = Views;
			sourceTree = "<group>";
		};
		5BD02BB02944B1F500E5E0F2 /* Models */ = {
			isa = PBXGroup;
			children = (
				5BD02BBA2944DF4E00E5E0F2 /* StatusModel.swift */,
				5BD02BCE2944FC2300E5E0F2 /* HerosModel.swift */,
				5BD02BED2945469A00E5E0F2 /* SeriesModel.swift */,
				5BD02BE9294544CA00E5E0F2 /* ComicsModel.swift */,
				5BD02BEB294545CA00E5E0F2 /* ThumbnailModel.swift */,
			);
			path = Models;
			sourceTree = "<group>";
		};
		5BD02BB12944B1FE00E5E0F2 /* Services */ = {
			isa = PBXGroup;
			children = (
				5BD02BBC2944E10D00E5E0F2 /* NetworkHelper.swift */,
			);
			path = Services;
			sourceTree = "<group>";
		};
		5BD02BB22944B20600E5E0F2 /* Tools */ = {
			isa = PBXGroup;
			children = (
			);
			path = Tools;
			sourceTree = "<group>";
		};
		5BD02BB32944B24900E5E0F2 /* Login */ = {
			isa = PBXGroup;
			children = (
				5BD02BB42944B25D00E5E0F2 /* LoginView.swift */,
				5BD02BC02944F4C700E5E0F2 /* Tools */,
			);
			path = Login;
			sourceTree = "<group>";
		};
		5BD02BC02944F4C700E5E0F2 /* Tools */ = {
			isa = PBXGroup;
			children = (
				5BD02BC12944F4DB00E5E0F2 /* LoadingView.swift */,
				5BD02BC52944F72700E5E0F2 /* ErrorView.swift */,
			);
			path = Tools;
			sourceTree = "<group>";
		};
		5BD02BC92944FB5100E5E0F2 /* Home */ = {
			isa = PBXGroup;
			children = (
				5BD02BCA2944FB6300E5E0F2 /* HomeView.swift */,
				5BD02BD729450E2000E5E0F2 /* HomeRowView.swift */,
			);
			path = Home;
			sourceTree = "<group>";
		};
		5BD02BD629450B8900E5E0F2 /* Series */ = {
			isa = PBXGroup;
			children = (
				5BD02BDB29451BE900E5E0F2 /* SeriesView.swift */,
				5BD02BE32945203800E5E0F2 /* SeriesRowView.swift */,
				5BB6BE7629475D58008B6E80 /* SeriesDetailView.swift */,
			);
			path = Series;
			sourceTree = "<group>";
		};
/* End PBXGroup section */

/* Begin PBXNativeTarget section */
		5B510903297478F300360370 /* FinalSuperpoderesIOSUITests */ = {
			isa = PBXNativeTarget;
			buildConfigurationList = 5B51090C297478F300360370 /* Build configuration list for PBXNativeTarget "FinalSuperpoderesIOSUITests" */;
			buildPhases = (
				5B510900297478F300360370 /* Sources */,
				5B510901297478F300360370 /* Frameworks */,
				5B510902297478F300360370 /* Resources */,
			);
			buildRules = (
			);
			dependencies = (
				5B51090B297478F300360370 /* PBXTargetDependency */,
			);
			name = FinalSuperpoderesIOSUITests;
			productName = FinalSuperpoderesIOSUITests;
			productReference = 5B510904297478F300360370 /* FinalSuperpoderesIOSUITests.xctest */;
			productType = "com.apple.product-type.bundle.ui-testing";
		};
		5BB6BE4929469706008B6E80 /* FinalSuperpoderesIOSTests */ = {
			isa = PBXNativeTarget;
			buildConfigurationList = 5BB6BE5029469707008B6E80 /* Build configuration list for PBXNativeTarget "FinalSuperpoderesIOSTests" */;
			buildPhases = (
				5BB6BE4629469706008B6E80 /* Sources */,
				5BB6BE4729469706008B6E80 /* Frameworks */,
				5BB6BE4829469706008B6E80 /* Resources */,
			);
			buildRules = (
			);
			dependencies = (
				5BB6BE4F29469707008B6E80 /* PBXTargetDependency */,
			);
			name = FinalSuperpoderesIOSTests;
			packageProductDependencies = (
				5B5108EA2974636400360370 /* ViewInspector */,
			);
			productName = FinalSuperpoderesIOSTests;
			productReference = 5BB6BE4A29469706008B6E80 /* FinalSuperpoderesIOSTests.xctest */;
			productType = "com.apple.product-type.bundle.unit-test";
		};
		5BD02B802944AA2D00E5E0F2 /* FinalSuperpoderesIOS */ = {
			isa = PBXNativeTarget;
			buildConfigurationList = 5BD02BA52944AA2F00E5E0F2 /* Build configuration list for PBXNativeTarget "FinalSuperpoderesIOS" */;
			buildPhases = (
				5BD02B7D2944AA2D00E5E0F2 /* Sources */,
				5BD02B7E2944AA2D00E5E0F2 /* Frameworks */,
				5BD02B7F2944AA2D00E5E0F2 /* Resources */,
			);
			buildRules = (
			);
			dependencies = (
			);
			name = FinalSuperpoderesIOS;
			productName = FinalSuperpoderesIOS;
			productReference = 5BD02B812944AA2D00E5E0F2 /* FinalSuperpoderesIOS.app */;
			productType = "com.apple.product-type.application";
		};
/* End PBXNativeTarget section */

/* Begin PBXProject section */
		5BD02B792944AA2D00E5E0F2 /* Project object */ = {
			isa = PBXProject;
			attributes = {
				BuildIndependentTargetsInParallel = 1;
				LastSwiftUpdateCheck = 1410;
				LastUpgradeCheck = 1410;
				TargetAttributes = {
					5B510903297478F300360370 = {
						CreatedOnToolsVersion = 14.1;
						TestTargetID = 5BD02B802944AA2D00E5E0F2;
					};
					5BB6BE4929469706008B6E80 = {
						CreatedOnToolsVersion = 14.1;
						TestTargetID = 5BD02B802944AA2D00E5E0F2;
					};
					5BD02B802944AA2D00E5E0F2 = {
						CreatedOnToolsVersion = 14.1;
					};
				};
			};
			buildConfigurationList = 5BD02B7C2944AA2D00E5E0F2 /* Build configuration list for PBXProject "FinalSuperpoderesIOS" */;
			compatibilityVersion = "Xcode 14.0";
			developmentRegion = en;
			hasScannedForEncodings = 0;
			knownRegions = (
				en,
				Base,
			);
			mainGroup = 5BD02B782944AA2D00E5E0F2;
			packageReferences = (
				5B5108E92974636400360370 /* XCRemoteSwiftPackageReference "ViewInspector" */,
			);
			productRefGroup = 5BD02B822944AA2D00E5E0F2 /* Products */;
			projectDirPath = "";
			projectRoot = "";
			targets = (
				5BD02B802944AA2D00E5E0F2 /* FinalSuperpoderesIOS */,
				5BB6BE4929469706008B6E80 /* FinalSuperpoderesIOSTests */,
				5B510903297478F300360370 /* FinalSuperpoderesIOSUITests */,
			);
		};
/* End PBXProject section */

/* Begin PBXResourcesBuildPhase section */
		5B510902297478F300360370 /* Resources */ = {
			isa = PBXResourcesBuildPhase;
			buildActionMask = 2147483647;
			files = (
			);
			runOnlyForDeploymentPostprocessing = 0;
		};
		5BB6BE4829469706008B6E80 /* Resources */ = {
			isa = PBXResourcesBuildPhase;
			buildActionMask = 2147483647;
			files = (
			);
			runOnlyForDeploymentPostprocessing = 0;
		};
		5BD02B7F2944AA2D00E5E0F2 /* Resources */ = {
			isa = PBXResourcesBuildPhase;
			buildActionMask = 2147483647;
			files = (
				5BD02B8C2944AA2F00E5E0F2 /* Preview Assets.xcassets in Resources */,
				5BD02B892944AA2F00E5E0F2 /* Assets.xcassets in Resources */,
			);
			runOnlyForDeploymentPostprocessing = 0;
		};
/* End PBXResourcesBuildPhase section */

/* Begin PBXSourcesBuildPhase section */
		5B510900297478F300360370 /* Sources */ = {
			isa = PBXSourcesBuildPhase;
			buildActionMask = 2147483647;
			files = (
				5B510909297478F300360370 /* FinalSuperpoderesIOSUITestsLaunchTests.swift in Sources */,
				5B510907297478F300360370 /* FinalSuperpoderesIOSUITests.swift in Sources */,
			);
			runOnlyForDeploymentPostprocessing = 0;
		};
		5BB6BE4629469706008B6E80 /* Sources */ = {
			isa = PBXSourcesBuildPhase;
			buildActionMask = 2147483647;
			files = (
				5B5108F829746F0D00360370 /* HomeRowViewTests.swift in Sources */,
				5B5108FB2974732E00360370 /* SeriesViewTests.swift in Sources */,
				5B5108E829745FDD00360370 /* SeriesViewModelTests.swift in Sources */,
				5B5108FF2974735400360370 /* SeriesDetailViewTests.swift in Sources */,
				5B5108E3297442E300360370 /* NetworkHelperTest.swift in Sources */,
				5B5108F129746B9400360370 /* LoadingViewTests.swift in Sources */,
				5B5108EE297463DC00360370 /* LoginViewTests.swift in Sources */,
				5B5108FD2974734300360370 /* SeriesRowViewTests.swift in Sources */,
				5B5108E6297448E200360370 /* HomeViewModelTests.swift in Sources */,
				5B5108F329746BA600360370 /* ErrorViewTests.swift in Sources */,
				5B5108F629746F0200360370 /* HomeViewTests.swift in Sources */,
			);
			runOnlyForDeploymentPostprocessing = 0;
		};
		5BD02B7D2944AA2D00E5E0F2 /* Sources */ = {
			isa = PBXSourcesBuildPhase;
			buildActionMask = 2147483647;
			files = (
				5BD02BCB2944FB6300E5E0F2 /* HomeView.swift in Sources */,
				5BD02BD32945065A00E5E0F2 /* HomeViewModel.swift in Sources */,
				5BD02BB52944B25D00E5E0F2 /* LoginView.swift in Sources */,
				5BB6BE7729475D58008B6E80 /* SeriesDetailView.swift in Sources */,
				5BD02BBB2944DF4E00E5E0F2 /* StatusModel.swift in Sources */,
				5BD02BEE2945469A00E5E0F2 /* SeriesModel.swift in Sources */,
				5BD02BCF2944FC2300E5E0F2 /* HerosModel.swift in Sources */,
				5BD02BBF2944F15E00E5E0F2 /* RootView.swift in Sources */,
				5BD02BBD2944E10D00E5E0F2 /* NetworkHelper.swift in Sources */,
				5BD02BEA294544CA00E5E0F2 /* ComicsModel.swift in Sources */,
				5BD02BE029451C2600E5E0F2 /* SeriesViewModel.swift in Sources */,
				5BD02BEC294545CA00E5E0F2 /* ThumbnailModel.swift in Sources */,
				5BD02B852944AA2D00E5E0F2 /* FinalSuperpoderesIOSApp.swift in Sources */,
				5BD02BD829450E2000E5E0F2 /* HomeRowView.swift in Sources */,
				5BD02BC22944F4DB00E5E0F2 /* LoadingView.swift in Sources */,
				5BD02BE42945203800E5E0F2 /* SeriesRowView.swift in Sources */,
				5BD02BB92944DF3600E5E0F2 /* RootViewModel.swift in Sources */,
				5BD02BDC29451BE900E5E0F2 /* SeriesView.swift in Sources */,
				5BD02BC62944F72700E5E0F2 /* ErrorView.swift in Sources */,
			);
			runOnlyForDeploymentPostprocessing = 0;
		};
/* End PBXSourcesBuildPhase section */

/* Begin PBXTargetDependency section */
		5B51090B297478F300360370 /* PBXTargetDependency */ = {
			isa = PBXTargetDependency;
			target = 5BD02B802944AA2D00E5E0F2 /* FinalSuperpoderesIOS */;
			targetProxy = 5B51090A297478F300360370 /* PBXContainerItemProxy */;
		};
		5BB6BE4F29469707008B6E80 /* PBXTargetDependency */ = {
			isa = PBXTargetDependency;
			target = 5BD02B802944AA2D00E5E0F2 /* FinalSuperpoderesIOS */;
			targetProxy = 5BB6BE4E29469707008B6E80 /* PBXContainerItemProxy */;
		};
/* End PBXTargetDependency section */

/* Begin XCBuildConfiguration section */
		5B51090D297478F300360370 /* Debug */ = {
			isa = XCBuildConfiguration;
			buildSettings = {
				CODE_SIGN_STYLE = Automatic;
				CURRENT_PROJECT_VERSION = 1;
				GENERATE_INFOPLIST_FILE = YES;
				MARKETING_VERSION = 1.0;
				PRODUCT_BUNDLE_IDENTIFIER = com.aiglesias.FinalSuperpoderesIOSUITests;
				PRODUCT_NAME = "$(TARGET_NAME)";
				SWIFT_EMIT_LOC_STRINGS = NO;
				SWIFT_VERSION = 5.0;
				TARGETED_DEVICE_FAMILY = "1,2";
				TEST_TARGET_NAME = FinalSuperpoderesIOS;
			};
			name = Debug;
		};
		5B51090E297478F300360370 /* Release */ = {
			isa = XCBuildConfiguration;
			buildSettings = {
				CODE_SIGN_STYLE = Automatic;
				CURRENT_PROJECT_VERSION = 1;
				GENERATE_INFOPLIST_FILE = YES;
				MARKETING_VERSION = 1.0;
				PRODUCT_BUNDLE_IDENTIFIER = com.aiglesias.FinalSuperpoderesIOSUITests;
				PRODUCT_NAME = "$(TARGET_NAME)";
				SWIFT_EMIT_LOC_STRINGS = NO;
				SWIFT_VERSION = 5.0;
				TARGETED_DEVICE_FAMILY = "1,2";
				TEST_TARGET_NAME = FinalSuperpoderesIOS;
			};
			name = Release;
		};
		5BB6BE5129469707008B6E80 /* Debug */ = {
			isa = XCBuildConfiguration;
			buildSettings = {
				BUNDLE_LOADER = "$(TEST_HOST)";
				CODE_SIGN_STYLE = Automatic;
				CURRENT_PROJECT_VERSION = 1;
				GENERATE_INFOPLIST_FILE = YES;
				MARKETING_VERSION = 1.0;
				PRODUCT_BUNDLE_IDENTIFIER = com.aiglesias.FinalSuperpoderesIOSTests;
				PRODUCT_NAME = "$(TARGET_NAME)";
				SWIFT_EMIT_LOC_STRINGS = NO;
				SWIFT_VERSION = 5.0;
				TARGETED_DEVICE_FAMILY = "1,2";
				TEST_HOST = "$(BUILT_PRODUCTS_DIR)/FinalSuperpoderesIOS.app/$(BUNDLE_EXECUTABLE_FOLDER_PATH)/FinalSuperpoderesIOS";
			};
			name = Debug;
		};
		5BB6BE5229469707008B6E80 /* Release */ = {
			isa = XCBuildConfiguration;
			buildSettings = {
				BUNDLE_LOADER = "$(TEST_HOST)";
				CODE_SIGN_STYLE = Automatic;
				CURRENT_PROJECT_VERSION = 1;
				GENERATE_INFOPLIST_FILE = YES;
				MARKETING_VERSION = 1.0;
				PRODUCT_BUNDLE_IDENTIFIER = com.aiglesias.FinalSuperpoderesIOSTests;
				PRODUCT_NAME = "$(TARGET_NAME)";
				SWIFT_EMIT_LOC_STRINGS = NO;
				SWIFT_VERSION = 5.0;
				TARGETED_DEVICE_FAMILY = "1,2";
				TEST_HOST = "$(BUILT_PRODUCTS_DIR)/FinalSuperpoderesIOS.app/$(BUNDLE_EXECUTABLE_FOLDER_PATH)/FinalSuperpoderesIOS";
			};
			name = Release;
		};
		5BD02BA32944AA2F00E5E0F2 /* Debug */ = {
			isa = XCBuildConfiguration;
			buildSettings = {
				ALWAYS_SEARCH_USER_PATHS = NO;
				CLANG_ANALYZER_NONNULL = YES;
				CLANG_ANALYZER_NUMBER_OBJECT_CONVERSION = YES_AGGRESSIVE;
				CLANG_CXX_LANGUAGE_STANDARD = "gnu++20";
				CLANG_ENABLE_MODULES = YES;
				CLANG_ENABLE_OBJC_ARC = YES;
				CLANG_ENABLE_OBJC_WEAK = YES;
				CLANG_WARN_BLOCK_CAPTURE_AUTORELEASING = YES;
				CLANG_WARN_BOOL_CONVERSION = YES;
				CLANG_WARN_COMMA = YES;
				CLANG_WARN_CONSTANT_CONVERSION = YES;
				CLANG_WARN_DEPRECATED_OBJC_IMPLEMENTATIONS = YES;
				CLANG_WARN_DIRECT_OBJC_ISA_USAGE = YES_ERROR;
				CLANG_WARN_DOCUMENTATION_COMMENTS = YES;
				CLANG_WARN_EMPTY_BODY = YES;
				CLANG_WARN_ENUM_CONVERSION = YES;
				CLANG_WARN_INFINITE_RECURSION = YES;
				CLANG_WARN_INT_CONVERSION = YES;
				CLANG_WARN_NON_LITERAL_NULL_CONVERSION = YES;
				CLANG_WARN_OBJC_IMPLICIT_RETAIN_SELF = YES;
				CLANG_WARN_OBJC_LITERAL_CONVERSION = YES;
				CLANG_WARN_OBJC_ROOT_CLASS = YES_ERROR;
				CLANG_WARN_QUOTED_INCLUDE_IN_FRAMEWORK_HEADER = YES;
				CLANG_WARN_RANGE_LOOP_ANALYSIS = YES;
				CLANG_WARN_STRICT_PROTOTYPES = YES;
				CLANG_WARN_SUSPICIOUS_MOVE = YES;
				CLANG_WARN_UNGUARDED_AVAILABILITY = YES_AGGRESSIVE;
				CLANG_WARN_UNREACHABLE_CODE = YES;
				CLANG_WARN__DUPLICATE_METHOD_MATCH = YES;
				COPY_PHASE_STRIP = NO;
				DEBUG_INFORMATION_FORMAT = dwarf;
				ENABLE_STRICT_OBJC_MSGSEND = YES;
				ENABLE_TESTABILITY = YES;
				GCC_C_LANGUAGE_STANDARD = gnu11;
				GCC_DYNAMIC_NO_PIC = NO;
				GCC_NO_COMMON_BLOCKS = YES;
				GCC_OPTIMIZATION_LEVEL = 0;
				GCC_PREPROCESSOR_DEFINITIONS = (
					"DEBUG=1",
					"$(inherited)",
				);
				GCC_WARN_64_TO_32_BIT_CONVERSION = YES;
				GCC_WARN_ABOUT_RETURN_TYPE = YES_ERROR;
				GCC_WARN_UNDECLARED_SELECTOR = YES;
				GCC_WARN_UNINITIALIZED_AUTOS = YES_AGGRESSIVE;
				GCC_WARN_UNUSED_FUNCTION = YES;
				GCC_WARN_UNUSED_VARIABLE = YES;
				IPHONEOS_DEPLOYMENT_TARGET = 16.1;
				MTL_ENABLE_DEBUG_INFO = INCLUDE_SOURCE;
				MTL_FAST_MATH = YES;
				ONLY_ACTIVE_ARCH = YES;
				SDKROOT = iphoneos;
				SWIFT_ACTIVE_COMPILATION_CONDITIONS = DEBUG;
				SWIFT_OPTIMIZATION_LEVEL = "-Onone";
			};
			name = Debug;
		};
		5BD02BA42944AA2F00E5E0F2 /* Release */ = {
			isa = XCBuildConfiguration;
			buildSettings = {
				ALWAYS_SEARCH_USER_PATHS = NO;
				CLANG_ANALYZER_NONNULL = YES;
				CLANG_ANALYZER_NUMBER_OBJECT_CONVERSION = YES_AGGRESSIVE;
				CLANG_CXX_LANGUAGE_STANDARD = "gnu++20";
				CLANG_ENABLE_MODULES = YES;
				CLANG_ENABLE_OBJC_ARC = YES;
				CLANG_ENABLE_OBJC_WEAK = YES;
				CLANG_WARN_BLOCK_CAPTURE_AUTORELEASING = YES;
				CLANG_WARN_BOOL_CONVERSION = YES;
				CLANG_WARN_COMMA = YES;
				CLANG_WARN_CONSTANT_CONVERSION = YES;
				CLANG_WARN_DEPRECATED_OBJC_IMPLEMENTATIONS = YES;
				CLANG_WARN_DIRECT_OBJC_ISA_USAGE = YES_ERROR;
				CLANG_WARN_DOCUMENTATION_COMMENTS = YES;
				CLANG_WARN_EMPTY_BODY = YES;
				CLANG_WARN_ENUM_CONVERSION = YES;
				CLANG_WARN_INFINITE_RECURSION = YES;
				CLANG_WARN_INT_CONVERSION = YES;
				CLANG_WARN_NON_LITERAL_NULL_CONVERSION = YES;
				CLANG_WARN_OBJC_IMPLICIT_RETAIN_SELF = YES;
				CLANG_WARN_OBJC_LITERAL_CONVERSION = YES;
				CLANG_WARN_OBJC_ROOT_CLASS = YES_ERROR;
				CLANG_WARN_QUOTED_INCLUDE_IN_FRAMEWORK_HEADER = YES;
				CLANG_WARN_RANGE_LOOP_ANALYSIS = YES;
				CLANG_WARN_STRICT_PROTOTYPES = YES;
				CLANG_WARN_SUSPICIOUS_MOVE = YES;
				CLANG_WARN_UNGUARDED_AVAILABILITY = YES_AGGRESSIVE;
				CLANG_WARN_UNREACHABLE_CODE = YES;
				CLANG_WARN__DUPLICATE_METHOD_MATCH = YES;
				COPY_PHASE_STRIP = NO;
				DEBUG_INFORMATION_FORMAT = "dwarf-with-dsym";
				ENABLE_NS_ASSERTIONS = NO;
				ENABLE_STRICT_OBJC_MSGSEND = YES;
				GCC_C_LANGUAGE_STANDARD = gnu11;
				GCC_NO_COMMON_BLOCKS = YES;
				GCC_WARN_64_TO_32_BIT_CONVERSION = YES;
				GCC_WARN_ABOUT_RETURN_TYPE = YES_ERROR;
				GCC_WARN_UNDECLARED_SELECTOR = YES;
				GCC_WARN_UNINITIALIZED_AUTOS = YES_AGGRESSIVE;
				GCC_WARN_UNUSED_FUNCTION = YES;
				GCC_WARN_UNUSED_VARIABLE = YES;
				IPHONEOS_DEPLOYMENT_TARGET = 16.1;
				MTL_ENABLE_DEBUG_INFO = NO;
				MTL_FAST_MATH = YES;
				SDKROOT = iphoneos;
				SWIFT_COMPILATION_MODE = wholemodule;
				SWIFT_OPTIMIZATION_LEVEL = "-O";
				VALIDATE_PRODUCT = YES;
			};
			name = Release;
		};
		5BD02BA62944AA2F00E5E0F2 /* Debug */ = {
			isa = XCBuildConfiguration;
			buildSettings = {
				ASSETCATALOG_COMPILER_APPICON_NAME = AppIcon;
				ASSETCATALOG_COMPILER_GLOBAL_ACCENT_COLOR_NAME = AccentColor;
				CODE_SIGN_STYLE = Automatic;
				CURRENT_PROJECT_VERSION = 1;
				DEVELOPMENT_ASSET_PATHS = "\"FinalSuperpoderesIOS/Preview Content\"";
				ENABLE_PREVIEWS = YES;
				GENERATE_INFOPLIST_FILE = YES;
				INFOPLIST_FILE = FinalSuperpoderesIOS/Info.plist;
				INFOPLIST_KEY_UIApplicationSceneManifest_Generation = YES;
				INFOPLIST_KEY_UIApplicationSupportsIndirectInputEvents = YES;
				INFOPLIST_KEY_UILaunchScreen_Generation = YES;
				INFOPLIST_KEY_UISupportedInterfaceOrientations_iPad = "UIInterfaceOrientationPortrait UIInterfaceOrientationPortraitUpsideDown UIInterfaceOrientationLandscapeLeft UIInterfaceOrientationLandscapeRight";
				INFOPLIST_KEY_UISupportedInterfaceOrientations_iPhone = "UIInterfaceOrientationPortrait UIInterfaceOrientationLandscapeLeft UIInterfaceOrientationLandscapeRight";
				LD_RUNPATH_SEARCH_PATHS = (
					"$(inherited)",
					"@executable_path/Frameworks",
				);
				MARKETING_VERSION = 1.0;
				PRODUCT_BUNDLE_IDENTIFIER = com.aiglesias.FinalSuperpoderesIOS;
				PRODUCT_NAME = "$(TARGET_NAME)";
				SWIFT_EMIT_LOC_STRINGS = YES;
				SWIFT_VERSION = 5.0;
				TARGETED_DEVICE_FAMILY = "1,2";
			};
			name = Debug;
		};
		5BD02BA72944AA2F00E5E0F2 /* Release */ = {
			isa = XCBuildConfiguration;
			buildSettings = {
				ASSETCATALOG_COMPILER_APPICON_NAME = AppIcon;
				ASSETCATALOG_COMPILER_GLOBAL_ACCENT_COLOR_NAME = AccentColor;
				CODE_SIGN_STYLE = Automatic;
				CURRENT_PROJECT_VERSION = 1;
				DEVELOPMENT_ASSET_PATHS = "\"FinalSuperpoderesIOS/Preview Content\"";
				ENABLE_PREVIEWS = YES;
				GENERATE_INFOPLIST_FILE = YES;
				INFOPLIST_FILE = FinalSuperpoderesIOS/Info.plist;
				INFOPLIST_KEY_UIApplicationSceneManifest_Generation = YES;
				INFOPLIST_KEY_UIApplicationSupportsIndirectInputEvents = YES;
				INFOPLIST_KEY_UILaunchScreen_Generation = YES;
				INFOPLIST_KEY_UISupportedInterfaceOrientations_iPad = "UIInterfaceOrientationPortrait UIInterfaceOrientationPortraitUpsideDown UIInterfaceOrientationLandscapeLeft UIInterfaceOrientationLandscapeRight";
				INFOPLIST_KEY_UISupportedInterfaceOrientations_iPhone = "UIInterfaceOrientationPortrait UIInterfaceOrientationLandscapeLeft UIInterfaceOrientationLandscapeRight";
				LD_RUNPATH_SEARCH_PATHS = (
					"$(inherited)",
					"@executable_path/Frameworks",
				);
				MARKETING_VERSION = 1.0;
				PRODUCT_BUNDLE_IDENTIFIER = com.aiglesias.FinalSuperpoderesIOS;
				PRODUCT_NAME = "$(TARGET_NAME)";
				SWIFT_EMIT_LOC_STRINGS = YES;
				SWIFT_VERSION = 5.0;
				TARGETED_DEVICE_FAMILY = "1,2";
			};
			name = Release;
		};
/* End XCBuildConfiguration section */

/* Begin XCConfigurationList section */
		5B51090C297478F300360370 /* Build configuration list for PBXNativeTarget "FinalSuperpoderesIOSUITests" */ = {
			isa = XCConfigurationList;
			buildConfigurations = (
				5B51090D297478F300360370 /* Debug */,
				5B51090E297478F300360370 /* Release */,
			);
			defaultConfigurationIsVisible = 0;
			defaultConfigurationName = Release;
		};
		5BB6BE5029469707008B6E80 /* Build configuration list for PBXNativeTarget "FinalSuperpoderesIOSTests" */ = {
			isa = XCConfigurationList;
			buildConfigurations = (
				5BB6BE5129469707008B6E80 /* Debug */,
				5BB6BE5229469707008B6E80 /* Release */,
			);
			defaultConfigurationIsVisible = 0;
			defaultConfigurationName = Release;
		};
		5BD02B7C2944AA2D00E5E0F2 /* Build configuration list for PBXProject "FinalSuperpoderesIOS" */ = {
			isa = XCConfigurationList;
			buildConfigurations = (
				5BD02BA32944AA2F00E5E0F2 /* Debug */,
				5BD02BA42944AA2F00E5E0F2 /* Release */,
			);
			defaultConfigurationIsVisible = 0;
			defaultConfigurationName = Release;
		};
		5BD02BA52944AA2F00E5E0F2 /* Build configuration list for PBXNativeTarget "FinalSuperpoderesIOS" */ = {
			isa = XCConfigurationList;
			buildConfigurations = (
				5BD02BA62944AA2F00E5E0F2 /* Debug */,
				5BD02BA72944AA2F00E5E0F2 /* Release */,
			);
			defaultConfigurationIsVisible = 0;
			defaultConfigurationName = Release;
		};
/* End XCConfigurationList section */

/* Begin XCRemoteSwiftPackageReference section */
		5B5108E92974636400360370 /* XCRemoteSwiftPackageReference "ViewInspector" */ = {
			isa = XCRemoteSwiftPackageReference;
			repositoryURL = "https://github.com/nalexn/ViewInspector";
			requirement = {
				kind = upToNextMajorVersion;
				minimumVersion = 0.9.5;
			};
		};
/* End XCRemoteSwiftPackageReference section */

/* Begin XCSwiftPackageProductDependency section */
		5B5108EA2974636400360370 /* ViewInspector */ = {
			isa = XCSwiftPackageProductDependency;
			package = 5B5108E92974636400360370 /* XCRemoteSwiftPackageReference "ViewInspector" */;
			productName = ViewInspector;
		};
/* End XCSwiftPackageProductDependency section */
	};
	rootObject = 5BD02B792944AA2D00E5E0F2 /* Project object */;
}
